# This file is automatically @generated by Cargo.
# It is not intended for manual editing.
version = 3

[[package]]
name = "input-macro"
version = "0.2.0"
source = "registry+https://github.com/rust-lang/crates.io-index"
checksum = "5041633149d292995d99bfa401ee51b4c96923a588c67e8948f5fa1a6dae76c1"

[[package]]
name = "stdin_input"
version = "0.1.0"
dependencies = [
 "input-macro",
]
